<?xml version="1.0" encoding="utf-8"?>
<Project ToolsVersion="4.0" xmlns="http://schemas.microsoft.com/developer/msbuild/2003">
  <ItemGroup>
    <Filter Include="utils">
      <UniqueIdentifier>{ae09597f-681b-4d64-ba48-0d3c43cba7f2}</UniqueIdentifier>
    </Filter>
    <Filter Include="imgproc">
      <UniqueIdentifier>{5c0d0412-3966-4488-98b3-7e161044af67}</UniqueIdentifier>
    </Filter>
    <Filter Include="geometry">
      <UniqueIdentifier>{a8df4765-e28d-46d5-b146-877e4ac80f23}</UniqueIdentifier>
    </Filter>
    <Filter Include="opgl">
      <UniqueIdentifier>{44163b56-ddf3-4011-818d-31b2a37344de}</UniqueIdentifier>
    </Filter>
  </ItemGroup>
  <ItemGroup>
    <ClInclude Include="utils\utils.h">
      <Filter>utils</Filter>
    </ClInclude>
    <ClInclude Include="utils\debugutils.h">
      <Filter>utils</Filter>
    </ClInclude>
    <ClInclude Include="utils\timer.h">
      <Filter>utils</Filter>
    </ClInclude>
    <ClInclude Include="imgproc\mat.h">
      <Filter>imgproc</Filter>
    </ClInclude>
    <ClInclude Include="geometry\vectors.h">
      <Filter>geometry</Filter>
    </ClInclude>
    <ClInclude Include="opgl\viewer.h">
      <Filter>opgl</Filter>
    </ClInclude>
    <ClInclude Include="opgl\shader.h">
      <Filter>opgl</Filter>
    </ClInclude>
    <ClInclude Include="opgl\mesh.h">
      <Filter>opgl</Filter>
    </ClInclude>
    <ClInclude Include="imgproc\CImg.h">
      <Filter>imgproc</Filter>
    </ClInclude>
    <ClInclude Include="imgproc\imgio.h">
      <Filter>imgproc</Filter>
    </ClInclude>
    <ClInclude Include="imgproc\lodepng.h">
      <Filter>imgproc</Filter>
    </ClInclude>
    <ClInclude Include="imgproc\imgproc.h">
      <Filter>imgproc</Filter>
    </ClInclude>
    <ClInclude Include="imgproc\color.h">
      <Filter>imgproc</Filter>
    </ClInclude>
    <ClInclude Include="imgproc\planedrawer.h">
      <Filter>imgproc</Filter>
    </ClInclude>
    <ClInclude Include="imgproc\histogram.h">
      <Filter>imgproc</Filter>
    </ClInclude>
  </ItemGroup>
  <ItemGroup>
    <ClCompile Include="utils\utils.cpp">
      <Filter>utils</Filter>
    </ClCompile>
    <ClCompile Include="utils\debugutils.cpp">
      <Filter>utils</Filter>
    </ClCompile>
    <ClCompile Include="utils\timer.cpp">
      <Filter>utils</Filter>
    </ClCompile>
    <ClCompile Include="opgl\viewer.cpp">
      <Filter>opgl</Filter>
    </ClCompile>
    <ClCompile Include="opgl\shader.cpp">
      <Filter>opgl</Filter>
    </ClCompile>
    <ClCompile Include="opgl\mesh.cpp">
      <Filter>opgl</Filter>
    </ClCompile>
    <ClCompile Include="imgproc\imgio.cpp">
      <Filter>imgproc</Filter>
    </ClCompile>
    <ClCompile Include="imgproc\lodepng.cpp">
      <Filter>imgproc</Filter>
    </ClCompile>
    <ClCompile Include="imgproc\imgproc.cpp">
      <Filter>imgproc</Filter>
    </ClCompile>
    <ClCompile Include="imgproc\color.cpp">
      <Filter>imgproc</Filter>
    </ClCompile>
    <ClCompile Include="imgproc\planedrawer.cpp">
      <Filter>imgproc</Filter>
    </ClCompile>
    <ClCompile Include="imgproc\histogram.cpp">
      <Filter>imgproc</Filter>
    </ClCompile>
  </ItemGroup>
</Project>